
Microsoft Visual Studio Solution File, Format Version 12.00
# Visual Studio 15
VisualStudioVersion = 15.0.26730.15
MinimumVisualStudioVersion = 10.0.40219.1
Project("{FAE04EC0-301F-11D3-BF4B-00C04F79EFBC}") = "Assignment1", "Assignment1\Assignment1.csproj", "{FA174201-EB22-46DC-889E-5215A2DF9AF9}"
EndProject
Global
	GlobalSection(SolutionConfigurationPlatforms) = preSolution
		Debug|x86 = Debug|x86
		Release|x86 = Release|x86
	EndGlobalSection
	GlobalSection(ProjectConfigurationPlatforms) = postSolution
		{FA174201-EB22-46DC-889E-5215A2DF9AF9}.Debug|x86.ActiveCfg = Debug|x86
		{FA174201-EB22-46DC-889E-5215A2DF9AF9}.Debug|x86.Build.0 = Debug|x86
		{FA174201-EB22-46DC-889E-5215A2DF9AF9}.Release|x86.ActiveCfg = Release|x86
		{FA174201-EB22-46DC-889E-5215A2DF9AF9}.Release|x86.Build.0 = Release|x86
	EndGlobalSection
	GlobalSection(SolutionProperties) = preSolution
		HideSolutionNode = FALSE
	EndGlobalSection
	GlobalSection(ExtensibilityGlobals) = postSolution
		SolutionGuid = {FB1EC9AF-D57C-46DA-8CB4-BF3FC2D28FDD}
	EndGlobalSection
EndGlobal
