
Microsoft Visual Studio Solution File, Format Version 12.00
# Visual Studio 15
VisualStudioVersion = 15.0.26730.15
MinimumVisualStudioVersion = 10.0.40219.1
Project("{FAE04EC0-301F-11D3-BF4B-00C04F79EFBC}") = "Assignment1", "Assignment1\Assignment1.csproj", "{FA174201-EB22-46DC-889E-5215A2DF9AF9}"
EndProject
Project("{FAE04EC0-301F-11D3-BF4B-00C04F79EFBC}") = "Game_Engine", "Game Engine\Game_Engine.csproj", "{1DAD9161-39AD-4A3D-8676-EA55D25CD717}"
EndProject
Project("{FAE04EC0-301F-11D3-BF4B-00C04F79EFBC}") = "Assignment2", "Assignment2\Assignment2.csproj", "{E6D5C509-ABD5-4740-9172-89B24F28559D}"
EndProject
Project("{FAE04EC0-301F-11D3-BF4B-00C04F79EFBC}") = "Assignment3", "Assignment3\Assignment3.csproj", "{157C74F5-D40D-4D63-84A5-2A86B0D97055}"
EndProject
Project("{FAE04EC0-301F-11D3-BF4B-00C04F79EFBC}") = "shadowSample", "shadowSample\shadowSample.csproj", "{F54F23A0-808F-49E0-809E-C48A84E6BB20}"
EndProject
Project("{FAE04EC0-301F-11D3-BF4B-00C04F79EFBC}") = "Assignment3.1", "Assignment3.1\Assignment3.1.csproj", "{F5134601-8FDB-47A0-A965-4E8630178155}"
EndProject
Global
	GlobalSection(SolutionConfigurationPlatforms) = preSolution
		Debug|Any CPU = Debug|Any CPU
		Debug|x86 = Debug|x86
		Release|Any CPU = Release|Any CPU
		Release|x86 = Release|x86
	EndGlobalSection
	GlobalSection(ProjectConfigurationPlatforms) = postSolution
		{FA174201-EB22-46DC-889E-5215A2DF9AF9}.Debug|Any CPU.ActiveCfg = Debug|x86
		{FA174201-EB22-46DC-889E-5215A2DF9AF9}.Debug|Any CPU.Build.0 = Debug|x86
		{FA174201-EB22-46DC-889E-5215A2DF9AF9}.Debug|x86.ActiveCfg = Debug|x86
		{FA174201-EB22-46DC-889E-5215A2DF9AF9}.Release|Any CPU.ActiveCfg = Release|x86
		{FA174201-EB22-46DC-889E-5215A2DF9AF9}.Release|x86.ActiveCfg = Release|x86
		{FA174201-EB22-46DC-889E-5215A2DF9AF9}.Release|x86.Build.0 = Release|x86
		{1DAD9161-39AD-4A3D-8676-EA55D25CD717}.Debug|Any CPU.ActiveCfg = Debug|Any CPU
		{1DAD9161-39AD-4A3D-8676-EA55D25CD717}.Debug|Any CPU.Build.0 = Debug|Any CPU
		{1DAD9161-39AD-4A3D-8676-EA55D25CD717}.Debug|x86.ActiveCfg = Debug|x86
		{1DAD9161-39AD-4A3D-8676-EA55D25CD717}.Debug|x86.Build.0 = Debug|x86
		{1DAD9161-39AD-4A3D-8676-EA55D25CD717}.Release|Any CPU.ActiveCfg = Release|Any CPU
		{1DAD9161-39AD-4A3D-8676-EA55D25CD717}.Release|Any CPU.Build.0 = Release|Any CPU
		{1DAD9161-39AD-4A3D-8676-EA55D25CD717}.Release|x86.ActiveCfg = Release|Any CPU
		{1DAD9161-39AD-4A3D-8676-EA55D25CD717}.Release|x86.Build.0 = Release|Any CPU
		{E6D5C509-ABD5-4740-9172-89B24F28559D}.Debug|Any CPU.ActiveCfg = Debug|x86
		{E6D5C509-ABD5-4740-9172-89B24F28559D}.Debug|Any CPU.Build.0 = Debug|x86
		{E6D5C509-ABD5-4740-9172-89B24F28559D}.Debug|x86.ActiveCfg = Debug|x86
		{E6D5C509-ABD5-4740-9172-89B24F28559D}.Release|Any CPU.ActiveCfg = Release|x86
		{E6D5C509-ABD5-4740-9172-89B24F28559D}.Release|x86.ActiveCfg = Release|x86
		{E6D5C509-ABD5-4740-9172-89B24F28559D}.Release|x86.Build.0 = Release|x86
		{157C74F5-D40D-4D63-84A5-2A86B0D97055}.Debug|Any CPU.ActiveCfg = Debug|x86
		{157C74F5-D40D-4D63-84A5-2A86B0D97055}.Debug|Any CPU.Build.0 = Debug|x86
		{157C74F5-D40D-4D63-84A5-2A86B0D97055}.Debug|x86.ActiveCfg = Debug|x86
		{157C74F5-D40D-4D63-84A5-2A86B0D97055}.Release|Any CPU.ActiveCfg = Release|x86
		{157C74F5-D40D-4D63-84A5-2A86B0D97055}.Release|x86.ActiveCfg = Release|x86
		{157C74F5-D40D-4D63-84A5-2A86B0D97055}.Release|x86.Build.0 = Release|x86
		{F54F23A0-808F-49E0-809E-C48A84E6BB20}.Debug|Any CPU.ActiveCfg = Debug|x86
		{F54F23A0-808F-49E0-809E-C48A84E6BB20}.Debug|x86.ActiveCfg = Debug|x86
		{F54F23A0-808F-49E0-809E-C48A84E6BB20}.Release|Any CPU.ActiveCfg = Release|x86
		{F54F23A0-808F-49E0-809E-C48A84E6BB20}.Release|x86.ActiveCfg = Release|x86
		{F54F23A0-808F-49E0-809E-C48A84E6BB20}.Release|x86.Build.0 = Release|x86
		{F5134601-8FDB-47A0-A965-4E8630178155}.Debug|Any CPU.ActiveCfg = Debug|x86
		{F5134601-8FDB-47A0-A965-4E8630178155}.Debug|x86.ActiveCfg = Debug|x86
		{F5134601-8FDB-47A0-A965-4E8630178155}.Debug|x86.Build.0 = Debug|x86
		{F5134601-8FDB-47A0-A965-4E8630178155}.Release|Any CPU.ActiveCfg = Release|x86
		{F5134601-8FDB-47A0-A965-4E8630178155}.Release|x86.ActiveCfg = Release|x86
		{F5134601-8FDB-47A0-A965-4E8630178155}.Release|x86.Build.0 = Release|x86
	EndGlobalSection
	GlobalSection(SolutionProperties) = preSolution
		HideSolutionNode = FALSE
	EndGlobalSection
	GlobalSection(ExtensibilityGlobals) = postSolution
		SolutionGuid = {FB1EC9AF-D57C-46DA-8CB4-BF3FC2D28FDD}
	EndGlobalSection
EndGlobal
